{
    "hash": "b0bed19f6f0aa126162a389cf1faec6a",
    "packages": [
        {
            "name": "kdyby/bootstrap-form-renderer",
            "version": "dev-master",
            "source": {
                "type": "git",
                "url": "https://github.com/Kdyby/BootstrapFormRenderer",
                "reference": "0910dafa5568e1435d1ce5f76cbcbd3b90b191a0"
            },
            "dist": {
                "type": "zip",
                "url": "https://github.com/Kdyby/BootstrapFormRenderer/archive/0910dafa5568e1435d1ce5f76cbcbd3b90b191a0.zip",
                "reference": "0910dafa5568e1435d1ce5f76cbcbd3b90b191a0",
                "shasum": ""
            },
            "require": {
                "nette/nette": "@dev"
            },
            "require-dev": {
                "nette/tester": "@dev"
            },
            "time": "2013-01-21 14:17:50",
            "type": "library",
            "autoload": {
                "psr-0": {
                    "Kdyby\\BootstrapFormRenderer\\": "src/"
                }
            },
            "notification-url": "https://packagist.org/downloads/",
            "license": [
                "BSD-3-Clause",
                "GPL-2.0",
                "GPL-3.0"
            ],
            "authors": [
                {
                    "name": "Filip Procházka",
                    "homepage": "http://filip-prochazka.com"
                }
            ],
            "description": "Nette forms renderer with bootstrap",
            "homepage": "http://kdyby.org",
            "keywords": [
                "bootstrap",
                "Forms",
                "nette",
                "kdyby"
            ]
        },
        {
            "name": "kdyby/forms-replicator",
            "version": "dev-master",
            "source": {
                "type": "git",
                "url": "https://github.com/Kdyby/Replicator",
                "reference": "7199469604c53d3e76f28ad4197b4172dad84198"
            },
            "dist": {
                "type": "zip",
                "url": "https://github.com/Kdyby/Replicator/archive/7199469604c53d3e76f28ad4197b4172dad84198.zip",
                "reference": "7199469604c53d3e76f28ad4197b4172dad84198",
                "shasum": ""
            },
            "require": {
                "nette/nette": "@dev"
            },
            "require-dev": {
                "nette/tester": "@dev"
            },
            "time": "2013-01-20 12:06:45",
            "type": "library",
            "autoload": {
                "psr-0": {
                    "Kdyby\\Replicator\\": "src/"
                }
            },
            "notification-url": "https://packagist.org/downloads/",
            "license": [
                "BSD-3-Clause",
                "GPL-2.0",
                "GPL-3.0"
            ],
            "authors": [
                {
                    "name": "Filip Procházka",
                    "homepage": "http://filip-prochazka.com"
                }
            ],
            "description": "Nette forms container replicator aka addDynamic",
            "homepage": "http://kdyby.org",
            "keywords": [
                "Forms",
                "nette",
                "kdyby",
                "replicator",
                "addDynamic"
            ]
        },
        {
            "name": "nette/nette",
            "version": "dev-master",
            "source": {
                "type": "git",
                "url": "http://github.com/nette/nette",
                "reference": "df78ce354eb148a313d8e3f9fb81bee464c4019e"
            },
            "dist": {
                "type": "zip",
                "url": "https://github.com/nette/nette/archive/df78ce354eb148a313d8e3f9fb81bee464c4019e.zip",
                "reference": "df78ce354eb148a313d8e3f9fb81bee464c4019e",
                "shasum": ""
            },
            "require": {
                "php": ">=5.3.0",
                "ext-iconv": "*",
                "ext-tokenizer": "*"
            },
            "require-dev": {
                "nette/tester": "@dev"
            },
            "suggest": {
                "ext-mbstring": "*",
                "ext-pdo": "*",
                "ext-memcache": "*",
                "ext-gd": "*",
                "ext-fileinfo": "*"
            },
            "time": "2013-01-22 03:56:45",
            "type": "library",
            "extra": {
                "branch-alias": {
                    "dev-master": "2.1-dev"
                }
            },
            "autoload": {
                "files": [
                    "Nette/loader.php"
                ]
            },
            "notification-url": "https://packagist.org/downloads/",
            "license": [
                "BSD-3-Clause",
                "GPL-2.0",
                "GPL-3.0"
            ],
            "authors": [
                {
                    "name": "David Grudl",
                    "homepage": "http://davidgrudl.com"
                },
                {
                    "name": "Nette Community",
                    "homepage": "http://nette.org/contributors"
                }
            ],
            "description": "Nette Framework - innovative framework for fast and easy development of secured web applications in PHP. Write less, have cleaner code and your work will bring you joy.",
            "homepage": "http://nette.org",
            "keywords": [
                "templating",
                "framework",
                "database",
                "dbal",
                "debugging",
                "mvc",
                "micro",
                "Forms",
                "latte",
                "neon",
                "mailing",
                "images"
            ]
        }
    ],
    "packages-dev": null,
    "aliases": [

    ],
    "minimum-stability": "dev",
    "stability-flags": {
        "kdyby/forms-replicator": 20,
        "kdyby/bootstrap-form-renderer": 20
    }
}
