{
    "hash": "01196fde3a60d39fcf94d8bc684801d4",
    "packages": [
        {
            "package": "kdyby/bootstrap-form-renderer",
            "version": "dev-master",
            "source-reference": "bce1db2fe07c22899e07605d58ce1dc9e3bf3409",
            "commit-date": "1346950854"
        },
        {
            "package": "kdyby/forms-replicator",
            "version": "dev-master",
            "source-reference": "7ae4bd3181443aca1a9a17e88b7a8df6324fd6f9",
            "commit-date": "1346494553"
        },
        {
            "package": "nette/nette",
            "version": "dev-master",
            "source-reference": "c8578f2b0fb5c1310563a4ce2216facb76eebb5b",
            "commit-date": "1346860759"
        }
    ],
    "packages-dev": null,
    "aliases": [

    ],
    "minimum-stability": "stable",
    "stability-flags": {
        "nette/nette": 20,
        "kdyby/forms-replicator": 20,
        "kdyby/bootstrap-form-renderer": 20
    }
}
